
Microsoft Visual Studio Solution File, Format Version 12.00
# Visual Studio Version 17
VisualStudioVersion = 17.9.34728.123
MinimumVisualStudioVersion = 10.0.40219.1
Project("{9A19103F-16F7-4668-BE54-9A1E7A4F7556}") = "SalesSystem", "SalesSystem.csproj", "{532DD6F5-2550-4C54-82C3-4AB9E0F83749}"
EndProject
Project("{FAE04EC0-301F-11D3-BF4B-00C04F79EFBC}") = "SalesSystem.Tests", "..\SalesSystem.Tests\SalesSystem.Tests.csproj", "{C6AC67C4-AF09-44F2-84B7-DCE6CF7C5BBD}"
EndProject
Global
	GlobalSection(SolutionConfigurationPlatforms) = preSolution
		Debug|Any CPU = Debug|Any CPU
		Release|Any CPU = Release|Any CPU
	EndGlobalSection
	GlobalSection(ProjectConfigurationPlatforms) = postSolution
		{532DD6F5-2550-4C54-82C3-4AB9E0F83749}.Debug|Any CPU.ActiveCfg = Debug|Any CPU
		{532DD6F5-2550-4C54-82C3-4AB9E0F83749}.Debug|Any CPU.Build.0 = Debug|Any CPU
		{532DD6F5-2550-4C54-82C3-4AB9E0F83749}.Release|Any CPU.ActiveCfg = Release|Any CPU
		{532DD6F5-2550-4C54-82C3-4AB9E0F83749}.Release|Any CPU.Build.0 = Release|Any CPU
		{C6AC67C4-AF09-44F2-84B7-DCE6CF7C5BBD}.Debug|Any CPU.ActiveCfg = Debug|Any CPU
		{C6AC67C4-AF09-44F2-84B7-DCE6CF7C5BBD}.Debug|Any CPU.Build.0 = Debug|Any CPU
		{C6AC67C4-AF09-44F2-84B7-DCE6CF7C5BBD}.Release|Any CPU.ActiveCfg = Release|Any CPU
		{C6AC67C4-AF09-44F2-84B7-DCE6CF7C5BBD}.Release|Any CPU.Build.0 = Release|Any CPU
	EndGlobalSection
	GlobalSection(SolutionProperties) = preSolution
		HideSolutionNode = FALSE
	EndGlobalSection
	GlobalSection(ExtensibilityGlobals) = postSolution
		SolutionGuid = {C632F150-57C0-4CE2-9F68-62C950F29E5A}
	EndGlobalSection
EndGlobal
